
Microsoft Visual Studio Solution File, Format Version 12.00
# Visual Studio 15
VisualStudioVersion = 15.0.28010.2036
MinimumVisualStudioVersion = 10.0.40219.1
Project("{FAE04EC0-301F-11D3-BF4B-00C04F79EFBC}") = "StocScreenerCoreApp", "StocScreenerCoreApp\StocScreenerCoreApp.csproj", "{D9442BE5-5D1C-4531-9589-FA2965405D56}"
EndProject
Global
	GlobalSection(SolutionConfigurationPlatforms) = preSolution
		Debug|Any CPU = Debug|Any CPU
		Release|Any CPU = Release|Any CPU
	EndGlobalSection
	GlobalSection(ProjectConfigurationPlatforms) = postSolution
		{D9442BE5-5D1C-4531-9589-FA2965405D56}.Debug|Any CPU.ActiveCfg = Debug|Any CPU
		{D9442BE5-5D1C-4531-9589-FA2965405D56}.Debug|Any CPU.Build.0 = Debug|Any CPU
		{D9442BE5-5D1C-4531-9589-FA2965405D56}.Release|Any CPU.ActiveCfg = Release|Any CPU
		{D9442BE5-5D1C-4531-9589-FA2965405D56}.Release|Any CPU.Build.0 = Release|Any CPU
	EndGlobalSection
	GlobalSection(SolutionProperties) = preSolution
		HideSolutionNode = FALSE
	EndGlobalSection
	GlobalSection(ExtensibilityGlobals) = postSolution
		SolutionGuid = {DA04CA95-4877-4898-BD56-8748382C45F5}
	EndGlobalSection
EndGlobal
